<Solution>
  <Project Path="StockManager.Application/StockManager.Application.csproj" />
  <Project Path="StockManager.Domain/StockManager.Domain.csproj" />
  <Project Path="StockManager.Infrastructure/StockManager.Infrastructure.csproj" />
  <Project Path="StockManager/StockManager.csproj" />
</Solution>
